// !$*UTF8*$!
{
	archiveVersion = 1;
	classes = {
	};
	objectVersion = 70;
	objects = {

/* Begin PBXContainerItemProxy section */
		F172F7592C3FA54D00AB542E /* PBXContainerItemProxy */ = {
			isa = PBXContainerItemProxy;
			containerPortal = F172F73E2C3FA54B00AB542E /* Project object */;
			proxyType = 1;
			remoteGlobalIDString = F172F7452C3FA54B00AB542E;
			remoteInfo = AudioRecognizer;
		};
		F172F7632C3FA54D00AB542E /* PBXContainerItemProxy */ = {
			isa = PBXContainerItemProxy;
			containerPortal = F172F73E2C3FA54B00AB542E /* Project object */;
			proxyType = 1;
			remoteGlobalIDString = F172F7452C3FA54B00AB542E;
			remoteInfo = AudioRecognizer;
		};
/* End PBXContainerItemProxy section */

/* Begin PBXFileReference section */
		F172F7462C3FA54B00AB542E /* AudioRecognizer.app */ = {isa = PBXFileReference; explicitFileType = wrapper.application; includeInIndex = 0; path = AudioRecognizer.app; sourceTree = BUILT_PRODUCTS_DIR; };
		F172F7582C3FA54D00AB542E /* AudioRecognizerTests.xctest */ = {isa = PBXFileReference; explicitFileType = wrapper.cfbundle; includeInIndex = 0; path = AudioRecognizerTests.xctest; sourceTree = BUILT_PRODUCTS_DIR; };
		F172F7622C3FA54D00AB542E /* AudioRecognizerUITests.xctest */ = {isa = PBXFileReference; explicitFileType = wrapper.cfbundle; includeInIndex = 0; path = AudioRecognizerUITests.xctest; sourceTree = BUILT_PRODUCTS_DIR; };
/* End PBXFileReference section */

/* Begin PBXFileSystemSynchronizedBuildFileExceptionSet section */
		F12435E02C5B413E00F9203F /* PBXFileSystemSynchronizedBuildFileExceptionSet */ = {
			isa = PBXFileSystemSynchronizedBuildFileExceptionSet;
			membershipExceptions = (
				Info.plist,
			);
			target = F172F7452C3FA54B00AB542E /* AudioRecognizer */;
		};
/* End PBXFileSystemSynchronizedBuildFileExceptionSet section */

/* Begin PBXFileSystemSynchronizedRootGroup section */
		F172F7482C3FA54B00AB542E /* AudioRecognizer */ = {isa = PBXFileSystemSynchronizedRootGroup; exceptions = (F12435E02C5B413E00F9203F /* PBXFileSystemSynchronizedBuildFileExceptionSet */, ); explicitFileTypes = {}; explicitFolders = (); path = AudioRecognizer; sourceTree = "<group>"; };
		F172F75B2C3FA54D00AB542E /* AudioRecognizerTests */ = {isa = PBXFileSystemSynchronizedRootGroup; explicitFileTypes = {}; explicitFolders = (); path = AudioRecognizerTests; sourceTree = "<group>"; };
		F172F7652C3FA54D00AB542E /* AudioRecognizerUITests */ = {isa = PBXFileSystemSynchronizedRootGroup; explicitFileTypes = {}; explicitFolders = (); path = AudioRecognizerUITests; sourceTree = "<group>"; };
/* End PBXFileSystemSynchronizedRootGroup section */

/* Begin PBXFrameworksBuildPhase section */
		F172F7432C3FA54B00AB542E /* Frameworks */ = {
			isa = PBXFrameworksBuildPhase;
			buildActionMask = 2147483647;
			files = (
			);
			runOnlyForDeploymentPostprocessing = 0;
		};
		F172F7552C3FA54D00AB542E /* Frameworks */ = {
			isa = PBXFrameworksBuildPhase;
			buildActionMask = 2147483647;
			files = (
			);
			runOnlyForDeploymentPostprocessing = 0;
		};
		F172F75F2C3FA54D00AB542E /* Frameworks */ = {
			isa = PBXFrameworksBuildPhase;
			buildActionMask = 2147483647;
			files = (
			);
			runOnlyForDeploymentPostprocessing = 0;
		};
/* End PBXFrameworksBuildPhase section */

/* Begin PBXGroup section */
		F172F73D2C3FA54B00AB542E = {
			isa = PBXGroup;
			children = (
				F172F7482C3FA54B00AB542E /* AudioRecognizer */,
				F172F75B2C3FA54D00AB542E /* AudioRecognizerTests */,
				F172F7652C3FA54D00AB542E /* AudioRecognizerUITests */,
				F172F7472C3FA54B00AB542E /* Products */,
			);
			sourceTree = "<group>";
		};
		F172F7472C3FA54B00AB542E /* Products */ = {
			isa = PBXGroup;
			children = (
				F172F7462C3FA54B00AB542E /* AudioRecognizer.app */,
				F172F7582C3FA54D00AB542E /* AudioRecognizerTests.xctest */,
				F172F7622C3FA54D00AB542E /* AudioRecognizerUITests.xctest */,
			);
			name = Products;
			sourceTree = "<group>";
		};
/* End PBXGroup section */

/* Begin PBXNativeTarget section */
		F172F7452C3FA54B00AB542E /* AudioRecognizer */ = {
			isa = PBXNativeTarget;
			buildConfigurationList = F172F76C2C3FA54D00AB542E /* Build configuration list for PBXNativeTarget "AudioRecognizer" */;
			buildPhases = (
				F172F7422C3FA54B00AB542E /* Sources */,
				F172F7432C3FA54B00AB542E /* Frameworks */,
				F172F7442C3FA54B00AB542E /* Resources */,
			);
			buildRules = (
			);
			dependencies = (
			);
			fileSystemSynchronizedGroups = (
				F172F7482C3FA54B00AB542E /* AudioRecognizer */,
			);
			name = AudioRecognizer;
			packageProductDependencies = (
			);
			productName = AudioRecognizer;
			productReference = F172F7462C3FA54B00AB542E /* AudioRecognizer.app */;
			productType = "com.apple.product-type.application";
		};
		F172F7572C3FA54D00AB542E /* AudioRecognizerTests */ = {
			isa = PBXNativeTarget;
			buildConfigurationList = F172F76F2C3FA54D00AB542E /* Build configuration list for PBXNativeTarget "AudioRecognizerTests" */;
			buildPhases = (
				F172F7542C3FA54D00AB542E /* Sources */,
				F172F7552C3FA54D00AB542E /* Frameworks */,
				F172F7562C3FA54D00AB542E /* Resources */,
			);
			buildRules = (
			);
			dependencies = (
				F172F75A2C3FA54D00AB542E /* PBXTargetDependency */,
			);
			fileSystemSynchronizedGroups = (
				F172F75B2C3FA54D00AB542E /* AudioRecognizerTests */,
			);
			name = AudioRecognizerTests;
			packageProductDependencies = (
			);
			productName = AudioRecognizerTests;
			productReference = F172F7582C3FA54D00AB542E /* AudioRecognizerTests.xctest */;
			productType = "com.apple.product-type.bundle.unit-test";
		};
		F172F7612C3FA54D00AB542E /* AudioRecognizerUITests */ = {
			isa = PBXNativeTarget;
			buildConfigurationList = F172F7722C3FA54D00AB542E /* Build configuration list for PBXNativeTarget "AudioRecognizerUITests" */;
			buildPhases = (
				F172F75E2C3FA54D00AB542E /* Sources */,
				F172F75F2C3FA54D00AB542E /* Frameworks */,
				F172F7602C3FA54D00AB542E /* Resources */,
			);
			buildRules = (
			);
			dependencies = (
				F172F7642C3FA54D00AB542E /* PBXTargetDependency */,
			);
			fileSystemSynchronizedGroups = (
				F172F7652C3FA54D00AB542E /* AudioRecognizerUITests */,
			);
			name = AudioRecognizerUITests;
			packageProductDependencies = (
			);
			productName = AudioRecognizerUITests;
			productReference = F172F7622C3FA54D00AB542E /* AudioRecognizerUITests.xctest */;
			productType = "com.apple.product-type.bundle.ui-testing";
		};
/* End PBXNativeTarget section */

/* Begin PBXProject section */
		F172F73E2C3FA54B00AB542E /* Project object */ = {
			isa = PBXProject;
			attributes = {
				BuildIndependentTargetsInParallel = 1;
				LastSwiftUpdateCheck = 1600;
				LastUpgradeCheck = 1600;
				TargetAttributes = {
					F172F7452C3FA54B00AB542E = {
						CreatedOnToolsVersion = 16.0;
					};
					F172F7572C3FA54D00AB542E = {
						CreatedOnToolsVersion = 16.0;
						TestTargetID = F172F7452C3FA54B00AB542E;
					};
					F172F7612C3FA54D00AB542E = {
						CreatedOnToolsVersion = 16.0;
						TestTargetID = F172F7452C3FA54B00AB542E;
					};
				};
			};
			buildConfigurationList = F172F7412C3FA54B00AB542E /* Build configuration list for PBXProject "AudioRecognizer" */;
			compatibilityVersion = "Xcode 15.0";
			developmentRegion = en;
			hasScannedForEncodings = 0;
			knownRegions = (
				en,
				Base,
			);
			mainGroup = F172F73D2C3FA54B00AB542E;
			productRefGroup = F172F7472C3FA54B00AB542E /* Products */;
			projectDirPath = "";
			projectRoot = "";
			targets = (
				F172F7452C3FA54B00AB542E /* AudioRecognizer */,
				F172F7572C3FA54D00AB542E /* AudioRecognizerTests */,
				F172F7612C3FA54D00AB542E /* AudioRecognizerUITests */,
			);
		};
/* End PBXProject section */

/* Begin PBXResourcesBuildPhase section */
		F172F7442C3FA54B00AB542E /* Resources */ = {
			isa = PBXResourcesBuildPhase;
			buildActionMask = 2147483647;
			files = (
			);
			runOnlyForDeploymentPostprocessing = 0;
		};
		F172F7562C3FA54D00AB542E /* Resources */ = {
			isa = PBXResourcesBuildPhase;
			buildActionMask = 2147483647;
			files = (
			);
			runOnlyForDeploymentPostprocessing = 0;
		};
		F172F7602C3FA54D00AB542E /* Resources */ = {
			isa = PBXResourcesBuildPhase;
			buildActionMask = 2147483647;
			files = (
			);
			runOnlyForDeploymentPostprocessing = 0;
		};
/* End PBXResourcesBuildPhase section */

/* Begin PBXSourcesBuildPhase section */
		F172F7422C3FA54B00AB542E /* Sources */ = {
			isa = PBXSourcesBuildPhase;
			buildActionMask = 2147483647;
			files = (
			);
			runOnlyForDeploymentPostprocessing = 0;
		};
		F172F7542C3FA54D00AB542E /* Sources */ = {
			isa = PBXSourcesBuildPhase;
			buildActionMask = 2147483647;
			files = (
			);
			runOnlyForDeploymentPostprocessing = 0;
		};
		F172F75E2C3FA54D00AB542E /* Sources */ = {
			isa = PBXSourcesBuildPhase;
			buildActionMask = 2147483647;
			files = (
			);
			runOnlyForDeploymentPostprocessing = 0;
		};
/* End PBXSourcesBuildPhase section */

/* Begin PBXTargetDependency section */
		F172F75A2C3FA54D00AB542E /* PBXTargetDependency */ = {
			isa = PBXTargetDependency;
			target = F172F7452C3FA54B00AB542E /* AudioRecognizer */;
			targetProxy = F172F7592C3FA54D00AB542E /* PBXContainerItemProxy */;
		};
		F172F7642C3FA54D00AB542E /* PBXTargetDependency */ = {
			isa = PBXTargetDependency;
			target = F172F7452C3FA54B00AB542E /* AudioRecognizer */;
			targetProxy = F172F7632C3FA54D00AB542E /* PBXContainerItemProxy */;
		};
/* End PBXTargetDependency section */

/* Begin XCBuildConfiguration section */
		F172F76A2C3FA54D00AB542E /* Debug */ = {
			isa = XCBuildConfiguration;
			buildSettings = {
				ALWAYS_SEARCH_USER_PATHS = NO;
				ASSETCATALOG_COMPILER_GENERATE_SWIFT_ASSET_SYMBOL_EXTENSIONS = YES;
				CLANG_ANALYZER_NONNULL = YES;
				CLANG_ANALYZER_NUMBER_OBJECT_CONVERSION = YES_AGGRESSIVE;
				CLANG_CXX_LANGUAGE_STANDARD = "gnu++20";
				CLANG_ENABLE_MODULES = YES;
				CLANG_ENABLE_OBJC_ARC = YES;
				CLANG_ENABLE_OBJC_WEAK = YES;
				CLANG_WARN_BLOCK_CAPTURE_AUTORELEASING = YES;
				CLANG_WARN_BOOL_CONVERSION = YES;
				CLANG_WARN_COMMA = YES;
				CLANG_WARN_CONSTANT_CONVERSION = YES;
				CLANG_WARN_DEPRECATED_OBJC_IMPLEMENTATIONS = YES;
				CLANG_WARN_DIRECT_OBJC_ISA_USAGE = YES_ERROR;
				CLANG_WARN_DOCUMENTATION_COMMENTS = YES;
				CLANG_WARN_EMPTY_BODY = YES;
				CLANG_WARN_ENUM_CONVERSION = YES;
				CLANG_WARN_INFINITE_RECURSION = YES;
				CLANG_WARN_INT_CONVERSION = YES;
				CLANG_WARN_NON_LITERAL_NULL_CONVERSION = YES;
				CLANG_WARN_OBJC_IMPLICIT_RETAIN_SELF = YES;
				CLANG_WARN_OBJC_LITERAL_CONVERSION = YES;
				CLANG_WARN_OBJC_ROOT_CLASS = YES_ERROR;
				CLANG_WARN_QUOTED_INCLUDE_IN_FRAMEWORK_HEADER = YES;
				CLANG_WARN_RANGE_LOOP_ANALYSIS = YES;
				CLANG_WARN_STRICT_PROTOTYPES = YES;
				CLANG_WARN_SUSPICIOUS_MOVE = YES;
				CLANG_WARN_UNGUARDED_AVAILABILITY = YES_AGGRESSIVE;
				CLANG_WARN_UNREACHABLE_CODE = YES;
				CLANG_WARN__DUPLICATE_METHOD_MATCH = YES;
				COPY_PHASE_STRIP = NO;
				DEBUG_INFORMATION_FORMAT = dwarf;
				ENABLE_STRICT_OBJC_MSGSEND = YES;
				ENABLE_TESTABILITY = YES;
				ENABLE_USER_SCRIPT_SANDBOXING = YES;
				GCC_C_LANGUAGE_STANDARD = gnu17;
				GCC_DYNAMIC_NO_PIC = NO;
				GCC_NO_COMMON_BLOCKS = YES;
				GCC_OPTIMIZATION_LEVEL = 0;
				GCC_PREPROCESSOR_DEFINITIONS = (
					"DEBUG=1",
					"$(inherited)",
				);
				GCC_WARN_64_TO_32_BIT_CONVERSION = YES;
				GCC_WARN_ABOUT_RETURN_TYPE = YES_ERROR;
				GCC_WARN_UNDECLARED_SELECTOR = YES;
				GCC_WARN_UNINITIALIZED_AUTOS = YES_AGGRESSIVE;
				GCC_WARN_UNUSED_FUNCTION = YES;
				GCC_WARN_UNUSED_VARIABLE = YES;
				IPHONEOS_DEPLOYMENT_TARGET = 18.0;
				LOCALIZATION_PREFERS_STRING_CATALOGS = YES;
				MTL_ENABLE_DEBUG_INFO = INCLUDE_SOURCE;
				MTL_FAST_MATH = YES;
				ONLY_ACTIVE_ARCH = YES;
				SDKROOT = iphoneos;
				SWIFT_ACTIVE_COMPILATION_CONDITIONS = "DEBUG $(inherited)";
				SWIFT_OPTIMIZATION_LEVEL = "-Onone";
			};
			name = Debug;
		};
		F172F76B2C3FA54D00AB542E /* Release */ = {
			isa = XCBuildConfiguration;
			buildSettings = {
				ALWAYS_SEARCH_USER_PATHS = NO;
				ASSETCATALOG_COMPILER_GENERATE_SWIFT_ASSET_SYMBOL_EXTENSIONS = YES;
				CLANG_ANALYZER_NONNULL = YES;
				CLANG_ANALYZER_NUMBER_OBJECT_CONVERSION = YES_AGGRESSIVE;
				CLANG_CXX_LANGUAGE_STANDARD = "gnu++20";
				CLANG_ENABLE_MODULES = YES;
				CLANG_ENABLE_OBJC_ARC = YES;
				CLANG_ENABLE_OBJC_WEAK = YES;
				CLANG_WARN_BLOCK_CAPTURE_AUTORELEASING = YES;
				CLANG_WARN_BOOL_CONVERSION = YES;
				CLANG_WARN_COMMA = YES;
				CLANG_WARN_CONSTANT_CONVERSION = YES;
				CLANG_WARN_DEPRECATED_OBJC_IMPLEMENTATIONS = YES;
				CLANG_WARN_DIRECT_OBJC_ISA_USAGE = YES_ERROR;
				CLANG_WARN_DOCUMENTATION_COMMENTS = YES;
				CLANG_WARN_EMPTY_BODY = YES;
				CLANG_WARN_ENUM_CONVERSION = YES;
				CLANG_WARN_INFINITE_RECURSION = YES;
				CLANG_WARN_INT_CONVERSION = YES;
				CLANG_WARN_NON_LITERAL_NULL_CONVERSION = YES;
				CLANG_WARN_OBJC_IMPLICIT_RETAIN_SELF = YES;
				CLANG_WARN_OBJC_LITERAL_CONVERSION = YES;
				CLANG_WARN_OBJC_ROOT_CLASS = YES_ERROR;
				CLANG_WARN_QUOTED_INCLUDE_IN_FRAMEWORK_HEADER = YES;
				CLANG_WARN_RANGE_LOOP_ANALYSIS = YES;
				CLANG_WARN_STRICT_PROTOTYPES = YES;
				CLANG_WARN_SUSPICIOUS_MOVE = YES;
				CLANG_WARN_UNGUARDED_AVAILABILITY = YES_AGGRESSIVE;
				CLANG_WARN_UNREACHABLE_CODE = YES;
				CLANG_WARN__DUPLICATE_METHOD_MATCH = YES;
				COPY_PHASE_STRIP = NO;
				DEBUG_INFORMATION_FORMAT = "dwarf-with-dsym";
				ENABLE_NS_ASSERTIONS = NO;
				ENABLE_STRICT_OBJC_MSGSEND = YES;
				ENABLE_USER_SCRIPT_SANDBOXING = YES;
				GCC_C_LANGUAGE_STANDARD = gnu17;
				GCC_NO_COMMON_BLOCKS = YES;
				GCC_WARN_64_TO_32_BIT_CONVERSION = YES;
				GCC_WARN_ABOUT_RETURN_TYPE = YES_ERROR;
				GCC_WARN_UNDECLARED_SELECTOR = YES;
				GCC_WARN_UNINITIALIZED_AUTOS = YES_AGGRESSIVE;
				GCC_WARN_UNUSED_FUNCTION = YES;
				GCC_WARN_UNUSED_VARIABLE = YES;
				IPHONEOS_DEPLOYMENT_TARGET = 18.0;
				LOCALIZATION_PREFERS_STRING_CATALOGS = YES;
				MTL_ENABLE_DEBUG_INFO = NO;
				MTL_FAST_MATH = YES;
				SDKROOT = iphoneos;
				SWIFT_COMPILATION_MODE = wholemodule;
				VALIDATE_PRODUCT = YES;
			};
			name = Release;
		};
		F172F76D2C3FA54D00AB542E /* Debug */ = {
			isa = XCBuildConfiguration;
			buildSettings = {
				ASSETCATALOG_COMPILER_APPICON_NAME = AppIcon;
				ASSETCATALOG_COMPILER_GLOBAL_ACCENT_COLOR_NAME = AccentColor;
				CODE_SIGN_STYLE = Automatic;
				CURRENT_PROJECT_VERSION = 1;
				DEVELOPMENT_ASSET_PATHS = "\"AudioRecognizer/Preview Content\"";
				DEVELOPMENT_TEAM = 4YP7SQBLYV;
				ENABLE_PREVIEWS = YES;
				GENERATE_INFOPLIST_FILE = YES;
				INFOPLIST_FILE = AudioRecognizer/Info.plist;
				INFOPLIST_KEY_NSMicrophoneUsageDescription = "This app uses the microphone to record audio";
				INFOPLIST_KEY_NSSpeechRecognitionUsageDescription = "This app uses speech recognition to recognize audio";
				INFOPLIST_KEY_UIApplicationSceneManifest_Generation = YES;
				INFOPLIST_KEY_UIApplicationSupportsIndirectInputEvents = YES;
				INFOPLIST_KEY_UILaunchScreen_Generation = YES;
				INFOPLIST_KEY_UISupportedInterfaceOrientations_iPad = "UIInterfaceOrientationPortrait UIInterfaceOrientationPortraitUpsideDown UIInterfaceOrientationLandscapeLeft UIInterfaceOrientationLandscapeRight";
				INFOPLIST_KEY_UISupportedInterfaceOrientations_iPhone = "UIInterfaceOrientationPortrait UIInterfaceOrientationLandscapeLeft UIInterfaceOrientationLandscapeRight";
				LD_RUNPATH_SEARCH_PATHS = (
					"$(inherited)",
					"@executable_path/Frameworks",
				);
				MARKETING_VERSION = 1.0;
				PRODUCT_BUNDLE_IDENTIFIER = com.kantacky.AudioRecognizer;
				PRODUCT_NAME = "$(TARGET_NAME)";
				SWIFT_EMIT_LOC_STRINGS = YES;
				SWIFT_VERSION = 5.0;
				TARGETED_DEVICE_FAMILY = "1,2";
			};
			name = Debug;
		};
		F172F76E2C3FA54D00AB542E /* Release */ = {
			isa = XCBuildConfiguration;
			buildSettings = {
				ASSETCATALOG_COMPILER_APPICON_NAME = AppIcon;
				ASSETCATALOG_COMPILER_GLOBAL_ACCENT_COLOR_NAME = AccentColor;
				CODE_SIGN_STYLE = Automatic;
				CURRENT_PROJECT_VERSION = 1;
				DEVELOPMENT_ASSET_PATHS = "\"AudioRecognizer/Preview Content\"";
				DEVELOPMENT_TEAM = 4YP7SQBLYV;
				ENABLE_PREVIEWS = YES;
				GENERATE_INFOPLIST_FILE = YES;
				INFOPLIST_FILE = AudioRecognizer/Info.plist;
				INFOPLIST_KEY_NSMicrophoneUsageDescription = "This app uses the microphone to record audio";
				INFOPLIST_KEY_NSSpeechRecognitionUsageDescription = "This app uses speech recognition to recognize audio";
				INFOPLIST_KEY_UIApplicationSceneManifest_Generation = YES;
				INFOPLIST_KEY_UIApplicationSupportsIndirectInputEvents = YES;
				INFOPLIST_KEY_UILaunchScreen_Generation = YES;
				INFOPLIST_KEY_UISupportedInterfaceOrientations_iPad = "UIInterfaceOrientationPortrait UIInterfaceOrientationPortraitUpsideDown UIInterfaceOrientationLandscapeLeft UIInterfaceOrientationLandscapeRight";
				INFOPLIST_KEY_UISupportedInterfaceOrientations_iPhone = "UIInterfaceOrientationPortrait UIInterfaceOrientationLandscapeLeft UIInterfaceOrientationLandscapeRight";
				LD_RUNPATH_SEARCH_PATHS = (
					"$(inherited)",
					"@executable_path/Frameworks",
				);
				MARKETING_VERSION = 1.0;
				PRODUCT_BUNDLE_IDENTIFIER = com.kantacky.AudioRecognizer;
				PRODUCT_NAME = "$(TARGET_NAME)";
				SWIFT_EMIT_LOC_STRINGS = YES;
				SWIFT_VERSION = 5.0;
				TARGETED_DEVICE_FAMILY = "1,2";
			};
			name = Release;
		};
		F172F7702C3FA54D00AB542E /* Debug */ = {
			isa = XCBuildConfiguration;
			buildSettings = {
				BUNDLE_LOADER = "$(TEST_HOST)";
				CODE_SIGN_STYLE = Automatic;
				CURRENT_PROJECT_VERSION = 1;
				DEVELOPMENT_TEAM = 4YP7SQBLYV;
				GENERATE_INFOPLIST_FILE = YES;
				IPHONEOS_DEPLOYMENT_TARGET = 18.0;
				MARKETING_VERSION = 1.0;
				PRODUCT_BUNDLE_IDENTIFIER = com.kantacky.AudioRecognizerTests;
				PRODUCT_NAME = "$(TARGET_NAME)";
				SWIFT_EMIT_LOC_STRINGS = NO;
				SWIFT_VERSION = 5.0;
				TARGETED_DEVICE_FAMILY = "1,2";
				TEST_HOST = "$(BUILT_PRODUCTS_DIR)/AudioRecognizer.app/$(BUNDLE_EXECUTABLE_FOLDER_PATH)/AudioRecognizer";
			};
			name = Debug;
		};
		F172F7712C3FA54D00AB542E /* Release */ = {
			isa = XCBuildConfiguration;
			buildSettings = {
				BUNDLE_LOADER = "$(TEST_HOST)";
				CODE_SIGN_STYLE = Automatic;
				CURRENT_PROJECT_VERSION = 1;
				DEVELOPMENT_TEAM = 4YP7SQBLYV;
				GENERATE_INFOPLIST_FILE = YES;
				IPHONEOS_DEPLOYMENT_TARGET = 18.0;
				MARKETING_VERSION = 1.0;
				PRODUCT_BUNDLE_IDENTIFIER = com.kantacky.AudioRecognizerTests;
				PRODUCT_NAME = "$(TARGET_NAME)";
				SWIFT_EMIT_LOC_STRINGS = NO;
				SWIFT_VERSION = 5.0;
				TARGETED_DEVICE_FAMILY = "1,2";
				TEST_HOST = "$(BUILT_PRODUCTS_DIR)/AudioRecognizer.app/$(BUNDLE_EXECUTABLE_FOLDER_PATH)/AudioRecognizer";
			};
			name = Release;
		};
		F172F7732C3FA54D00AB542E /* Debug */ = {
			isa = XCBuildConfiguration;
			buildSettings = {
				CODE_SIGN_STYLE = Automatic;
				CURRENT_PROJECT_VERSION = 1;
				DEVELOPMENT_TEAM = 4YP7SQBLYV;
				GENERATE_INFOPLIST_FILE = YES;
				MARKETING_VERSION = 1.0;
				PRODUCT_BUNDLE_IDENTIFIER = com.kantacky.AudioRecognizerUITests;
				PRODUCT_NAME = "$(TARGET_NAME)";
				SWIFT_EMIT_LOC_STRINGS = NO;
				SWIFT_VERSION = 5.0;
				TARGETED_DEVICE_FAMILY = "1,2";
				TEST_TARGET_NAME = AudioRecognizer;
			};
			name = Debug;
		};
		F172F7742C3FA54D00AB542E /* Release */ = {
			isa = XCBuildConfiguration;
			buildSettings = {
				CODE_SIGN_STYLE = Automatic;
				CURRENT_PROJECT_VERSION = 1;
				DEVELOPMENT_TEAM = 4YP7SQBLYV;
				GENERATE_INFOPLIST_FILE = YES;
				MARKETING_VERSION = 1.0;
				PRODUCT_BUNDLE_IDENTIFIER = com.kantacky.AudioRecognizerUITests;
				PRODUCT_NAME = "$(TARGET_NAME)";
				SWIFT_EMIT_LOC_STRINGS = NO;
				SWIFT_VERSION = 5.0;
				TARGETED_DEVICE_FAMILY = "1,2";
				TEST_TARGET_NAME = AudioRecognizer;
			};
			name = Release;
		};
/* End XCBuildConfiguration section */

/* Begin XCConfigurationList section */
		F172F7412C3FA54B00AB542E /* Build configuration list for PBXProject "AudioRecognizer" */ = {
			isa = XCConfigurationList;
			buildConfigurations = (
				F172F76A2C3FA54D00AB542E /* Debug */,
				F172F76B2C3FA54D00AB542E /* Release */,
			);
			defaultConfigurationIsVisible = 0;
			defaultConfigurationName = Release;
		};
		F172F76C2C3FA54D00AB542E /* Build configuration list for PBXNativeTarget "AudioRecognizer" */ = {
			isa = XCConfigurationList;
			buildConfigurations = (
				F172F76D2C3FA54D00AB542E /* Debug */,
				F172F76E2C3FA54D00AB542E /* Release */,
			);
			defaultConfigurationIsVisible = 0;
			defaultConfigurationName = Release;
		};
		F172F76F2C3FA54D00AB542E /* Build configuration list for PBXNativeTarget "AudioRecognizerTests" */ = {
			isa = XCConfigurationList;
			buildConfigurations = (
				F172F7702C3FA54D00AB542E /* Debug */,
				F172F7712C3FA54D00AB542E /* Release */,
			);
			defaultConfigurationIsVisible = 0;
			defaultConfigurationName = Release;
		};
		F172F7722C3FA54D00AB542E /* Build configuration list for PBXNativeTarget "AudioRecognizerUITests" */ = {
			isa = XCConfigurationList;
			buildConfigurations = (
				F172F7732C3FA54D00AB542E /* Debug */,
				F172F7742C3FA54D00AB542E /* Release */,
			);
			defaultConfigurationIsVisible = 0;
			defaultConfigurationName = Release;
		};
/* End XCConfigurationList section */
	};
	rootObject = F172F73E2C3FA54B00AB542E /* Project object */;
}
